Microsoft Visual Studio Solution File, Format Version 12.00
# Visual Studio Version 17
VisualStudioVersion = 17.5.2.0
MinimumVisualStudioVersion = 10.0.40219.1
Project("{FAE04EC0-301F-11D3-BF4B-00C04F79EFBC}") = "MedTime.Tests", "MedTime.Tests.csproj", "{348259CE-032C-35F6-2FBA-A5148F681063}"
EndProject
Global
	GlobalSection(SolutionConfigurationPlatforms) = preSolution
		Debug|Any CPU = Debug|Any CPU
		Release|Any CPU = Release|Any CPU
	EndGlobalSection
	GlobalSection(ProjectConfigurationPlatforms) = postSolution
		{348259CE-032C-35F6-2FBA-A5148F681063}.Debug|Any CPU.ActiveCfg = Debug|Any CPU
		{348259CE-032C-35F6-2FBA-A5148F681063}.Debug|Any CPU.Build.0 = Debug|Any CPU
		{348259CE-032C-35F6-2FBA-A5148F681063}.Release|Any CPU.ActiveCfg = Release|Any CPU
		{348259CE-032C-35F6-2FBA-A5148F681063}.Release|Any CPU.Build.0 = Release|Any CPU
	EndGlobalSection
	GlobalSection(SolutionProperties) = preSolution
		HideSolutionNode = FALSE
	EndGlobalSection
	GlobalSection(ExtensibilityGlobals) = postSolution
		SolutionGuid = {78D76E29-592E-4B1B-BDF2-AB1B706BCFD6}
	EndGlobalSection
EndGlobal
